
Microsoft Visual Studio Solution File, Format Version 12.00
# Visual Studio Version 17
VisualStudioVersion = 17.3.32929.385
MinimumVisualStudioVersion = 10.0.40219.1
Project("{9A19103F-16F7-4668-BE54-9A1E7A4F7556}") = "HardLinkSharp", "HardLinkSharp.csproj", "{24502771-AE8B-4A95-9636-57DE7C6FBB1D}"
EndProject
Project("{FAE04EC0-301F-11D3-BF4B-00C04F79EFBC}") = "HardLinkTest", "..\HardlinkTest\HardLinkTest.csproj", "{B48F6689-7AE1-4CC8-AD49-06E9A30EA3AB}"
EndProject
Global
	GlobalSection(SolutionConfigurationPlatforms) = preSolution
		Debug|Any CPU = Debug|Any CPU
		Release|Any CPU = Release|Any CPU
	EndGlobalSection
	GlobalSection(ProjectConfigurationPlatforms) = postSolution
		{24502771-AE8B-4A95-9636-57DE7C6FBB1D}.Debug|Any CPU.ActiveCfg = Debug|Any CPU
		{24502771-AE8B-4A95-9636-57DE7C6FBB1D}.Debug|Any CPU.Build.0 = Debug|Any CPU
		{24502771-AE8B-4A95-9636-57DE7C6FBB1D}.Release|Any CPU.ActiveCfg = Release|Any CPU
		{24502771-AE8B-4A95-9636-57DE7C6FBB1D}.Release|Any CPU.Build.0 = Release|Any CPU
		{B48F6689-7AE1-4CC8-AD49-06E9A30EA3AB}.Debug|Any CPU.ActiveCfg = Debug|Any CPU
		{B48F6689-7AE1-4CC8-AD49-06E9A30EA3AB}.Debug|Any CPU.Build.0 = Debug|Any CPU
		{B48F6689-7AE1-4CC8-AD49-06E9A30EA3AB}.Release|Any CPU.ActiveCfg = Release|Any CPU
		{B48F6689-7AE1-4CC8-AD49-06E9A30EA3AB}.Release|Any CPU.Build.0 = Release|Any CPU
	EndGlobalSection
	GlobalSection(SolutionProperties) = preSolution
		HideSolutionNode = FALSE
	EndGlobalSection
	GlobalSection(ExtensibilityGlobals) = postSolution
		SolutionGuid = {54A54170-5A7B-4CE5-8C7B-B424A462D3E7}
	EndGlobalSection
EndGlobal
